
Microsoft Visual Studio Solution File, Format Version 12.00
# Visual Studio Version 17
VisualStudioVersion = 17.8.34525.116
MinimumVisualStudioVersion = 10.0.40219.1
Project("{FAE04EC0-301F-11D3-BF4B-00C04F79EFBC}") = "NurseNow", "NurseNow.csproj", "{BBCEC469-8E75-47E8-BD82-3F3A21105403}"
EndProject
Global
	GlobalSection(SolutionConfigurationPlatforms) = preSolution
		Debug|Any CPU = Debug|Any CPU
		Release|Any CPU = Release|Any CPU
	EndGlobalSection
	GlobalSection(ProjectConfigurationPlatforms) = postSolution
		{BBCEC469-8E75-47E8-BD82-3F3A21105403}.Debug|Any CPU.ActiveCfg = Debug|Any CPU
		{BBCEC469-8E75-47E8-BD82-3F3A21105403}.Debug|Any CPU.Build.0 = Debug|Any CPU
		{BBCEC469-8E75-47E8-BD82-3F3A21105403}.Release|Any CPU.ActiveCfg = Release|Any CPU
		{BBCEC469-8E75-47E8-BD82-3F3A21105403}.Release|Any CPU.Build.0 = Release|Any CPU
	EndGlobalSection
	GlobalSection(SolutionProperties) = preSolution
		HideSolutionNode = FALSE
	EndGlobalSection
	GlobalSection(ExtensibilityGlobals) = postSolution
		SolutionGuid = {86106B69-24EF-45B1-B7B6-5330AF4CED80}
	EndGlobalSection
EndGlobal
